
Microsoft Visual Studio Solution File, Format Version 12.00
# Visual Studio Version 17
VisualStudioVersion = 17.7.34009.444
MinimumVisualStudioVersion = 10.0.40219.1
Project("{FAE04EC0-301F-11D3-BF4B-00C04F79EFBC}") = "WPFCRUD", "WPFCRUD\WPFCRUD.csproj", "{C834038A-F352-4F03-B95F-7D4B7E54EF85}"
EndProject
Global
	GlobalSection(SolutionConfigurationPlatforms) = preSolution
		Debug|Any CPU = Debug|Any CPU
		Release|Any CPU = Release|Any CPU
	EndGlobalSection
	GlobalSection(ProjectConfigurationPlatforms) = postSolution
		{C834038A-F352-4F03-B95F-7D4B7E54EF85}.Debug|Any CPU.ActiveCfg = Debug|Any CPU
		{C834038A-F352-4F03-B95F-7D4B7E54EF85}.Debug|Any CPU.Build.0 = Debug|Any CPU
		{C834038A-F352-4F03-B95F-7D4B7E54EF85}.Release|Any CPU.ActiveCfg = Release|Any CPU
		{C834038A-F352-4F03-B95F-7D4B7E54EF85}.Release|Any CPU.Build.0 = Release|Any CPU
	EndGlobalSection
	GlobalSection(SolutionProperties) = preSolution
		HideSolutionNode = FALSE
	EndGlobalSection
	GlobalSection(ExtensibilityGlobals) = postSolution
		SolutionGuid = {D9853F3A-A10D-438C-9175-5F929B9C4E53}
	EndGlobalSection
EndGlobal
